
Microsoft Visual Studio Solution File, Format Version 12.00
# Visual Studio Version 17
VisualStudioVersion = 17.7.34031.279
MinimumVisualStudioVersion = 10.0.40219.1
Project("{FAE04EC0-301F-11D3-BF4B-00C04F79EFBC}") = "BookStore", "BookStore.csproj", "{A81F18FE-072D-44C0-A5F0-7D165579F8E5}"
EndProject
Global
	GlobalSection(SolutionConfigurationPlatforms) = preSolution
		Debug|Any CPU = Debug|Any CPU
		Release|Any CPU = Release|Any CPU
	EndGlobalSection
	GlobalSection(ProjectConfigurationPlatforms) = postSolution
		{A81F18FE-072D-44C0-A5F0-7D165579F8E5}.Debug|Any CPU.ActiveCfg = Debug|Any CPU
		{A81F18FE-072D-44C0-A5F0-7D165579F8E5}.Debug|Any CPU.Build.0 = Debug|Any CPU
		{A81F18FE-072D-44C0-A5F0-7D165579F8E5}.Release|Any CPU.ActiveCfg = Release|Any CPU
		{A81F18FE-072D-44C0-A5F0-7D165579F8E5}.Release|Any CPU.Build.0 = Release|Any CPU
	EndGlobalSection
	GlobalSection(SolutionProperties) = preSolution
		HideSolutionNode = FALSE
	EndGlobalSection
	GlobalSection(ExtensibilityGlobals) = postSolution
		SolutionGuid = {6782C8F0-DE8A-4CA8-9C6C-C977EA6BF702}
	EndGlobalSection
EndGlobal
